
Microsoft Visual Studio Solution File, Format Version 12.00
# Visual Studio 14
VisualStudioVersion = 14.0.25123.0
MinimumVisualStudioVersion = 10.0.40219.1
Project("{FAE04EC0-301F-11D3-BF4B-00C04F79EFBC}") = "MyYoutubeTest", "MyYoutubeTest.csproj", "{F15F82C9-8B3C-40D7-A7CA-12B9FA383D9C}"
EndProject
Global
	GlobalSection(SolutionConfigurationPlatforms) = preSolution
		Debug|Any CPU = Debug|Any CPU
		Release|Any CPU = Release|Any CPU
	EndGlobalSection
	GlobalSection(ProjectConfigurationPlatforms) = postSolution
		{F15F82C9-8B3C-40D7-A7CA-12B9FA383D9C}.Debug|Any CPU.ActiveCfg = Debug|Any CPU
		{F15F82C9-8B3C-40D7-A7CA-12B9FA383D9C}.Debug|Any CPU.Build.0 = Debug|Any CPU
		{F15F82C9-8B3C-40D7-A7CA-12B9FA383D9C}.Release|Any CPU.ActiveCfg = Release|Any CPU
		{F15F82C9-8B3C-40D7-A7CA-12B9FA383D9C}.Release|Any CPU.Build.0 = Release|Any CPU
	EndGlobalSection
	GlobalSection(SolutionProperties) = preSolution
		HideSolutionNode = FALSE
	EndGlobalSection
EndGlobal
